{
  "originHash" : "3f33f4f2f84c3ca202975c1d665e479b410862ba8f9a9d6919e1cf53d0ff9e2d",
  "pins" : [
    {
      "identity" : "slipstream",
      "kind" : "remoteSourceControl",
      "location" : "https://github.com/21-DOT-DEV/slipstream",
      "state" : {
        "branch" : "NEW-INPUT-TYPES",
        "revision" : "dea05756e970aad7322a149de6fa1129b20a94df"
      }
    },
    {
      "identity" : "swift-artifact-parser",
      "kind" : "remoteSourceControl",
      "location" : "https://github.com/21-DOT-DEV/swift-artifact-parser",
      "state" : {
        "revision" : "7b8b38ccf544bcce62387990777f7622d1c9ba44",
        "version" : "0.0.1"
      }
    },
    {
      "identity" : "swift-cmark",
      "kind" : "remoteSourceControl",
      "location" : "https://github.com/swiftlang/swift-cmark.git",
      "state" : {
        "branch" : "gfm",
        "revision" : "b97d09472e847a416629f026eceae0e2afcfad65"
      }
    },
    {
      "identity" : "swift-markdown",
      "kind" : "remoteSourceControl",
      "location" : "https://github.com/apple/swift-markdown.git",
      "state" : {
        "branch" : "main",
        "revision" : "5ad49ed3219261b085e86da832d0657752bba63c"
      }
    },
    {
      "identity" : "swift-plugin-tailwindcss",
      "kind" : "remoteSourceControl",
      "location" : "https://github.com/21-DOT-DEV/swift-plugin-tailwindcss",
      "state" : {
        "revision" : "c0862f33b06b2b56a55f8623839968a36e7e4b4d",
        "version" : "3.4.17"
      }
    },
    {
      "identity" : "swift-secp256k1",
      "kind" : "remoteSourceControl",
      "location" : "https://github.com/21-DOT-DEV/swift-secp256k1",
      "state" : {
        "revision" : "8c62aba8a3011c9bcea232e5ee007fb0b34a15e2",
        "version" : "0.21.1"
      }
    },
    {
      "identity" : "swiftsoup",
      "kind" : "remoteSourceControl",
      "location" : "https://github.com/scinfu/SwiftSoup.git",
      "state" : {
        "revision" : "3a439f9eccc391b264d54516ce640251552eb0c4",
        "version" : "2.10.3"
      }
    }
  ],
  "version" : 3
}
