{
  "originHash" : "36514073ea28fecf42f16661ef62afeba42bda990a620170742a3ca303aa4584",
  "pins" : [
    {
      "identity" : "docc4llm",
      "kind" : "remoteSourceControl",
      "location" : "https://github.com/P24L/DocC4LLM.git",
      "state" : {
        "revision" : "7a50a1790055e8bbe56cd54cdb1d3be16f6d819e",
        "version" : "1.0.0"
      }
    },
    {
      "identity" : "lrucache",
      "kind" : "remoteSourceControl",
      "location" : "https://github.com/nicklockwood/LRUCache.git",
      "state" : {
        "revision" : "0d91406ecd4d6c1c56275866f00508d9aeacc92a",
        "version" : "1.2.0"
      }
    },
    {
      "identity" : "slipstream",
      "kind" : "remoteSourceControl",
      "location" : "https://github.com/21-DOT-DEV/slipstream",
      "state" : {
        "branch" : "HasComponentCSS",
        "revision" : "e31d7e59b580f05c8713a6f6c4563060dbf44711"
      }
    },
    {
      "identity" : "swift-artifact-parser",
      "kind" : "remoteSourceControl",
      "location" : "https://github.com/21-DOT-DEV/swift-artifact-parser",
      "state" : {
        "revision" : "7b8b38ccf544bcce62387990777f7622d1c9ba44",
        "version" : "0.0.1"
      }
    },
    {
      "identity" : "swift-atomics",
      "kind" : "remoteSourceControl",
      "location" : "https://github.com/apple/swift-atomics.git",
      "state" : {
        "revision" : "b601256eab081c0f92f059e12818ac1d4f178ff7",
        "version" : "1.3.0"
      }
    },
    {
      "identity" : "swift-cmark",
      "kind" : "remoteSourceControl",
      "location" : "https://github.com/swiftlang/swift-cmark.git",
      "state" : {
        "branch" : "gfm",
        "revision" : "924936d0427cb25a61169739a7660230bffa6ea6"
      }
    },
    {
      "identity" : "swift-docc-plugin",
      "kind" : "remoteSourceControl",
      "location" : "https://github.com/swiftlang/swift-docc-plugin",
      "state" : {
        "revision" : "3e4f133a77e644a5812911a0513aeb7288b07d06",
        "version" : "1.4.5"
      }
    },
    {
      "identity" : "swift-docc-symbolkit",
      "kind" : "remoteSourceControl",
      "location" : "https://github.com/swiftlang/swift-docc-symbolkit",
      "state" : {
        "revision" : "b45d1f2ed151d057b54504d653e0da5552844e34",
        "version" : "1.0.0"
      }
    },
    {
      "identity" : "swift-markdown",
      "kind" : "remoteSourceControl",
      "location" : "https://github.com/apple/swift-markdown.git",
      "state" : {
        "branch" : "main",
        "revision" : "f7a559ec0d1f4a6a31b82187b5cdf97c632f68f6"
      }
    },
    {
      "identity" : "swift-plugin-tailwindcss",
      "kind" : "remoteSourceControl",
      "location" : "https://github.com/21-DOT-DEV/swift-plugin-tailwindcss",
      "state" : {
        "revision" : "c0862f33b06b2b56a55f8623839968a36e7e4b4d",
        "version" : "3.4.17"
      }
    },
    {
      "identity" : "swift-secp256k1",
      "kind" : "remoteSourceControl",
      "location" : "https://github.com/21-DOT-DEV/swift-secp256k1",
      "state" : {
        "revision" : "8c62aba8a3011c9bcea232e5ee007fb0b34a15e2",
        "version" : "0.21.1"
      }
    },
    {
      "identity" : "swiftsoup",
      "kind" : "remoteSourceControl",
      "location" : "https://github.com/scinfu/SwiftSoup.git",
      "state" : {
        "revision" : "4206bc7b8bd9a4ff8e9511211e1b4bff979ef9c4",
        "version" : "2.11.1"
      }
    }
  ],
  "version" : 3
}
